
Microsoft Visual Studio Solution File, Format Version 12.00
# Visual Studio Version 17
VisualStudioVersion = 17.10.34928.147
MinimumVisualStudioVersion = 10.0.40219.1
Project("{FAE04EC0-301F-11D3-BF4B-00C04F79EFBC}") = "WebApplication1", "WebApplication1\WebApplication1.csproj", "{8897D3BD-80E0-469D-BE21-CC2B546F3C3C}"
EndProject
Global
	GlobalSection(SolutionConfigurationPlatforms) = preSolution
		Debug|Any CPU = Debug|Any CPU
		Release|Any CPU = Release|Any CPU
	EndGlobalSection
	GlobalSection(ProjectConfigurationPlatforms) = postSolution
		{8897D3BD-80E0-469D-BE21-CC2B546F3C3C}.Debug|Any CPU.ActiveCfg = Debug|Any CPU
		{8897D3BD-80E0-469D-BE21-CC2B546F3C3C}.Debug|Any CPU.Build.0 = Debug|Any CPU
		{8897D3BD-80E0-469D-BE21-CC2B546F3C3C}.Release|Any CPU.ActiveCfg = Release|Any CPU
		{8897D3BD-80E0-469D-BE21-CC2B546F3C3C}.Release|Any CPU.Build.0 = Release|Any CPU
	EndGlobalSection
	GlobalSection(SolutionProperties) = preSolution
		HideSolutionNode = FALSE
	EndGlobalSection
	GlobalSection(ExtensibilityGlobals) = postSolution
		SolutionGuid = {07451D5C-56E6-4BEE-B181-B1D44C221073}
	EndGlobalSection
EndGlobal
